
Microsoft Visual Studio Solution File, Format Version 12.00
# Visual Studio 15
VisualStudioVersion = 15.0.28307.1062
MinimumVisualStudioVersion = 10.0.40219.1
Project("{FAE04EC0-301F-11D3-BF4B-00C04F79EFBC}") = "WebForm", "WebForm\WebForm.csproj", "{9008F17E-602E-4BB9-B031-F11D2B45608D}"
EndProject
Global
	GlobalSection(SolutionConfigurationPlatforms) = preSolution
		Debug|Any CPU = Debug|Any CPU
		Release|Any CPU = Release|Any CPU
	EndGlobalSection
	GlobalSection(ProjectConfigurationPlatforms) = postSolution
		{9008F17E-602E-4BB9-B031-F11D2B45608D}.Debug|Any CPU.ActiveCfg = Debug|Any CPU
		{9008F17E-602E-4BB9-B031-F11D2B45608D}.Debug|Any CPU.Build.0 = Debug|Any CPU
		{9008F17E-602E-4BB9-B031-F11D2B45608D}.Release|Any CPU.ActiveCfg = Release|Any CPU
		{9008F17E-602E-4BB9-B031-F11D2B45608D}.Release|Any CPU.Build.0 = Release|Any CPU
	EndGlobalSection
	GlobalSection(SolutionProperties) = preSolution
		HideSolutionNode = FALSE
	EndGlobalSection
	GlobalSection(ExtensibilityGlobals) = postSolution
		SolutionGuid = {F7B87C0A-EC5E-4B3A-A430-0817C293A55B}
	EndGlobalSection
EndGlobal
